// !$*UTF8*$!
{
	archiveVersion = 1;
	classes = {
	};
	objectVersion = 48;
	objects = {

/* Begin PBXBuildFile section */
		D73AA0591F9398A5007B37B4 /* AppDelegate.swift in Sources */ = {isa = PBXBuildFile; fileRef = D73AA0581F9398A5007B37B4 /* AppDelegate.swift */; };
		D73AA05B1F9398A5007B37B4 /* ViewController.swift in Sources */ = {isa = PBXBuildFile; fileRef = D73AA05A1F9398A5007B37B4 /* ViewController.swift */; };
		D73AA05E1F9398A5007B37B4 /* Main.storyboard in Resources */ = {isa = PBXBuildFile; fileRef = D73AA05C1F9398A5007B37B4 /* Main.storyboard */; };
		D73AA0601F9398A5007B37B4 /* Assets.xcassets in Resources */ = {isa = PBXBuildFile; fileRef = D73AA05F1F9398A5007B37B4 /* Assets.xcassets */; };
		D73AA0631F9398A5007B37B4 /* LaunchScreen.storyboard in Resources */ = {isa = PBXBuildFile; fileRef = D73AA0611F9398A5007B37B4 /* LaunchScreen.storyboard */; };
		D73AA06D1F93B6DD007B37B4 /* logo.png in Resources */ = {isa = PBXBuildFile; fileRef = D73AA06C1F93B6D4007B37B4 /* logo.png */; };
/* End PBXBuildFile section */

/* Begin PBXFileReference section */
		D73AA0551F9398A5007B37B4 /* MyReminderApp.app */ = {isa = PBXFileReference; explicitFileType = wrapper.application; includeInIndex = 0; path = MyReminderApp.app; sourceTree = BUILT_PRODUCTS_DIR; };
		D73AA0581F9398A5007B37B4 /* AppDelegate.swift */ = {isa = PBXFileReference; lastKnownFileType = sourcecode.swift; path = AppDelegate.swift; sourceTree = "<group>"; };
		D73AA05A1F9398A5007B37B4 /* ViewController.swift */ = {isa = PBXFileReference; lastKnownFileType = sourcecode.swift; path = ViewController.swift; sourceTree = "<group>"; };
		D73AA05D1F9398A5007B37B4 /* Base */ = {isa = PBXFileReference; lastKnownFileType = file.storyboard; name = Base; path = Base.lproj/Main.storyboard; sourceTree = "<group>"; };
		D73AA05F1F9398A5007B37B4 /* Assets.xcassets */ = {isa = PBXFileReference; lastKnownFileType = folder.assetcatalog; path = Assets.xcassets; sourceTree = "<group>"; };
		D73AA0621F9398A5007B37B4 /* Base */ = {isa = PBXFileReference; lastKnownFileType = file.storyboard; name = Base; path = Base.lproj/LaunchScreen.storyboard; sourceTree = "<group>"; };
		D73AA0641F9398A5007B37B4 /* Info.plist */ = {isa = PBXFileReference; lastKnownFileType = text.plist.xml; path = Info.plist; sourceTree = "<group>"; };
		D73AA06C1F93B6D4007B37B4 /* logo.png */ = {isa = PBXFileReference; lastKnownFileType = image.png; path = logo.png; sourceTree = "<group>"; };
/* End PBXFileReference section */

/* Begin PBXFrameworksBuildPhase section */
		D73AA0521F9398A5007B37B4 /* Frameworks */ = {
			isa = PBXFrameworksBuildPhase;
			buildActionMask = 2147483647;
			files = (
			);
			runOnlyForDeploymentPostprocessing = 0;
		};
/* End PBXFrameworksBuildPhase section */

/* Begin PBXGroup section */
		D73AA04C1F9398A5007B37B4 = {
			isa = PBXGroup;
			children = (
				D73AA0571F9398A5007B37B4 /* MyReminderApp */,
				D73AA0561F9398A5007B37B4 /* Products */,
			);
			sourceTree = "<group>";
		};
		D73AA0561F9398A5007B37B4 /* Products */ = {
			isa = PBXGroup;
			children = (
				D73AA0551F9398A5007B37B4 /* MyReminderApp.app */,
			);
			name = Products;
			sourceTree = "<group>";
		};
		D73AA0571F9398A5007B37B4 /* MyReminderApp */ = {
			isa = PBXGroup;
			children = (
				D73AA06C1F93B6D4007B37B4 /* logo.png */,
				D73AA0581F9398A5007B37B4 /* AppDelegate.swift */,
				D73AA05A1F9398A5007B37B4 /* ViewController.swift */,
				D73AA05C1F9398A5007B37B4 /* Main.storyboard */,
				D73AA05F1F9398A5007B37B4 /* Assets.xcassets */,
				D73AA0611F9398A5007B37B4 /* LaunchScreen.storyboard */,
				D73AA0641F9398A5007B37B4 /* Info.plist */,
			);
			path = MyReminderApp;
			sourceTree = "<group>";
		};
/* End PBXGroup section */

/* Begin PBXNativeTarget section */
		D73AA0541F9398A5007B37B4 /* MyReminderApp */ = {
			isa = PBXNativeTarget;
			buildConfigurationList = D73AA0671F9398A5007B37B4 /* Build configuration list for PBXNativeTarget "MyReminderApp" */;
			buildPhases = (
				D73AA0511F9398A5007B37B4 /* Sources */,
				D73AA0521F9398A5007B37B4 /* Frameworks */,
				D73AA0531F9398A5007B37B4 /* Resources */,
			);
			buildRules = (
			);
			dependencies = (
			);
			name = MyReminderApp;
			productName = MyReminderApp;
			productReference = D73AA0551F9398A5007B37B4 /* MyReminderApp.app */;
			productType = "com.apple.product-type.application";
		};
/* End PBXNativeTarget section */

/* Begin PBXProject section */
		D73AA04D1F9398A5007B37B4 /* Project object */ = {
			isa = PBXProject;
			attributes = {
				LastSwiftUpdateCheck = 0900;
				LastUpgradeCheck = 0900;
				ORGANIZATIONNAME = ANT;
				TargetAttributes = {
					D73AA0541F9398A5007B37B4 = {
						CreatedOnToolsVersion = 9.0;
						ProvisioningStyle = Automatic;
					};
				};
			};
			buildConfigurationList = D73AA0501F9398A5007B37B4 /* Build configuration list for PBXProject "MyReminderApp" */;
			compatibilityVersion = "Xcode 8.0";
			developmentRegion = en;
			hasScannedForEncodings = 0;
			knownRegions = (
				en,
				Base,
			);
			mainGroup = D73AA04C1F9398A5007B37B4;
			productRefGroup = D73AA0561F9398A5007B37B4 /* Products */;
			projectDirPath = "";
			projectRoot = "";
			targets = (
				D73AA0541F9398A5007B37B4 /* MyReminderApp */,
			);
		};
/* End PBXProject section */

/* Begin PBXResourcesBuildPhase section */
		D73AA0531F9398A5007B37B4 /* Resources */ = {
			isa = PBXResourcesBuildPhase;
			buildActionMask = 2147483647;
			files = (
				D73AA06D1F93B6DD007B37B4 /* logo.png in Resources */,
				D73AA0631F9398A5007B37B4 /* LaunchScreen.storyboard in Resources */,
				D73AA0601F9398A5007B37B4 /* Assets.xcassets in Resources */,
				D73AA05E1F9398A5007B37B4 /* Main.storyboard in Resources */,
			);
			runOnlyForDeploymentPostprocessing = 0;
		};
/* End PBXResourcesBuildPhase section */

/* Begin PBXSourcesBuildPhase section */
		D73AA0511F9398A5007B37B4 /* Sources */ = {
			isa = PBXSourcesBuildPhase;
			buildActionMask = 2147483647;
			files = (
				D73AA05B1F9398A5007B37B4 /* ViewController.swift in Sources */,
				D73AA0591F9398A5007B37B4 /* AppDelegate.swift in Sources */,
			);
			runOnlyForDeploymentPostprocessing = 0;
		};
/* End PBXSourcesBuildPhase section */

/* Begin PBXVariantGroup section */
		D73AA05C1F9398A5007B37B4 /* Main.storyboard */ = {
			isa = PBXVariantGroup;
			children = (
				D73AA05D1F9398A5007B37B4 /* Base */,
			);
			name = Main.storyboard;
			sourceTree = "<group>";
		};
		D73AA0611F9398A5007B37B4 /* LaunchScreen.storyboard */ = {
			isa = PBXVariantGroup;
			children = (
				D73AA0621F9398A5007B37B4 /* Base */,
			);
			name = LaunchScreen.storyboard;
			sourceTree = "<group>";
		};
/* End PBXVariantGroup section */

/* Begin XCBuildConfiguration section */
		D73AA0651F9398A5007B37B4 /* Debug */ = {
			isa = XCBuildConfiguration;
			buildSettings = {
				ALWAYS_SEARCH_USER_PATHS = NO;
				CLANG_ANALYZER_NONNULL = YES;
				CLANG_ANALYZER_NUMBER_OBJECT_CONVERSION = YES_AGGRESSIVE;
				CLANG_CXX_LANGUAGE_STANDARD = "gnu++14";
				CLANG_CXX_LIBRARY = "libc++";
				CLANG_ENABLE_MODULES = YES;
				CLANG_ENABLE_OBJC_ARC = YES;
				CLANG_WARN_BLOCK_CAPTURE_AUTORELEASING = YES;
				CLANG_WARN_BOOL_CONVERSION = YES;
				CLANG_WARN_COMMA = YES;
				CLANG_WARN_CONSTANT_CONVERSION = YES;
				CLANG_WARN_DIRECT_OBJC_ISA_USAGE = YES_ERROR;
				CLANG_WARN_DOCUMENTATION_COMMENTS = YES;
				CLANG_WARN_EMPTY_BODY = YES;
				CLANG_WARN_ENUM_CONVERSION = YES;
				CLANG_WARN_INFINITE_RECURSION = YES;
				CLANG_WARN_INT_CONVERSION = YES;
				CLANG_WARN_NON_LITERAL_NULL_CONVERSION = YES;
				CLANG_WARN_OBJC_LITERAL_CONVERSION = YES;
				CLANG_WARN_OBJC_ROOT_CLASS = YES_ERROR;
				CLANG_WARN_RANGE_LOOP_ANALYSIS = YES;
				CLANG_WARN_STRICT_PROTOTYPES = YES;
				CLANG_WARN_SUSPICIOUS_MOVE = YES;
				CLANG_WARN_UNGUARDED_AVAILABILITY = YES_AGGRESSIVE;
				CLANG_WARN_UNREACHABLE_CODE = YES;
				CLANG_WARN__DUPLICATE_METHOD_MATCH = YES;
				CODE_SIGN_IDENTITY = "iPhone Developer";
				COPY_PHASE_STRIP = NO;
				DEBUG_INFORMATION_FORMAT = dwarf;
				ENABLE_STRICT_OBJC_MSGSEND = YES;
				ENABLE_TESTABILITY = YES;
				GCC_C_LANGUAGE_STANDARD = gnu11;
				GCC_DYNAMIC_NO_PIC = NO;
				GCC_NO_COMMON_BLOCKS = YES;
				GCC_OPTIMIZATION_LEVEL = 0;
				GCC_PREPROCESSOR_DEFINITIONS = (
					"DEBUG=1",
					"$(inherited)",
				);
				GCC_WARN_64_TO_32_BIT_CONVERSION = YES;
				GCC_WARN_ABOUT_RETURN_TYPE = YES_ERROR;
				GCC_WARN_UNDECLARED_SELECTOR = YES;
				GCC_WARN_UNINITIALIZED_AUTOS = YES_AGGRESSIVE;
				GCC_WARN_UNUSED_FUNCTION = YES;
				GCC_WARN_UNUSED_VARIABLE = YES;
				IPHONEOS_DEPLOYMENT_TARGET = 11.0;
				MTL_ENABLE_DEBUG_INFO = YES;
				ONLY_ACTIVE_ARCH = YES;
				SDKROOT = iphoneos;
				SWIFT_ACTIVE_COMPILATION_CONDITIONS = DEBUG;
				SWIFT_OPTIMIZATION_LEVEL = "-Onone";
			};
			name = Debug;
		};
		D73AA0661F9398A5007B37B4 /* Release */ = {
			isa = XCBuildConfiguration;
			buildSettings = {
				ALWAYS_SEARCH_USER_PATHS = NO;
				CLANG_ANALYZER_NONNULL = YES;
				CLANG_ANALYZER_NUMBER_OBJECT_CONVERSION = YES_AGGRESSIVE;
				CLANG_CXX_LANGUAGE_STANDARD = "gnu++14";
				CLANG_CXX_LIBRARY = "libc++";
				CLANG_ENABLE_MODULES = YES;
				CLANG_ENABLE_OBJC_ARC = YES;
				CLANG_WARN_BLOCK_CAPTURE_AUTORELEASING = YES;
				CLANG_WARN_BOOL_CONVERSION = YES;
				CLANG_WARN_COMMA = YES;
				CLANG_WARN_CONSTANT_CONVERSION = YES;
				CLANG_WARN_DIRECT_OBJC_ISA_USAGE = YES_ERROR;
				CLANG_WARN_DOCUMENTATION_COMMENTS = YES;
				CLANG_WARN_EMPTY_BODY = YES;
				CLANG_WARN_ENUM_CONVERSION = YES;
				CLANG_WARN_INFINITE_RECURSION = YES;
				CLANG_WARN_INT_CONVERSION = YES;
				CLANG_WARN_NON_LITERAL_NULL_CONVERSION = YES;
				CLANG_WARN_OBJC_LITERAL_CONVERSION = YES;
				CLANG_WARN_OBJC_ROOT_CLASS = YES_ERROR;
				CLANG_WARN_RANGE_LOOP_ANALYSIS = YES;
				CLANG_WARN_STRICT_PROTOTYPES = YES;
				CLANG_WARN_SUSPICIOUS_MOVE = YES;
				CLANG_WARN_UNGUARDED_AVAILABILITY = YES_AGGRESSIVE;
				CLANG_WARN_UNREACHABLE_CODE = YES;
				CLANG_WARN__DUPLICATE_METHOD_MATCH = YES;
				CODE_SIGN_IDENTITY = "iPhone Developer";
				COPY_PHASE_STRIP = NO;
				DEBUG_INFORMATION_FORMAT = "dwarf-with-dsym";
				ENABLE_NS_ASSERTIONS = NO;
				ENABLE_STRICT_OBJC_MSGSEND = YES;
				GCC_C_LANGUAGE_STANDARD = gnu11;
				GCC_NO_COMMON_BLOCKS = YES;
				GCC_WARN_64_TO_32_BIT_CONVERSION = YES;
				GCC_WARN_ABOUT_RETURN_TYPE = YES_ERROR;
				GCC_WARN_UNDECLARED_SELECTOR = YES;
				GCC_WARN_UNINITIALIZED_AUTOS = YES_AGGRESSIVE;
				GCC_WARN_UNUSED_FUNCTION = YES;
				GCC_WARN_UNUSED_VARIABLE = YES;
				IPHONEOS_DEPLOYMENT_TARGET = 11.0;
				MTL_ENABLE_DEBUG_INFO = NO;
				SDKROOT = iphoneos;
				SWIFT_OPTIMIZATION_LEVEL = "-Owholemodule";
				VALIDATE_PRODUCT = YES;
			};
			name = Release;
		};
		D73AA0681F9398A5007B37B4 /* Debug */ = {
			isa = XCBuildConfiguration;
			buildSettings = {
				ASSETCATALOG_COMPILER_APPICON_NAME = AppIcon;
				CODE_SIGN_STYLE = Automatic;
				DEVELOPMENT_TEAM = 63CUM85V74;
				INFOPLIST_FILE = MyReminderApp/Info.plist;
				LD_RUNPATH_SEARCH_PATHS = "$(inherited) @executable_path/Frameworks";
				PRODUCT_BUNDLE_IDENTIFIER = th.ac.dpu.ant.MyReminderAppAmM;
				PRODUCT_NAME = "$(TARGET_NAME)";
				SWIFT_VERSION = 4.0;
				TARGETED_DEVICE_FAMILY = "1,2";
			};
			name = Debug;
		};
		D73AA0691F9398A5007B37B4 /* Release */ = {
			isa = XCBuildConfiguration;
			buildSettings = {
				ASSETCATALOG_COMPILER_APPICON_NAME = AppIcon;
				CODE_SIGN_STYLE = Automatic;
				DEVELOPMENT_TEAM = 63CUM85V74;
				INFOPLIST_FILE = MyReminderApp/Info.plist;
				LD_RUNPATH_SEARCH_PATHS = "$(inherited) @executable_path/Frameworks";
				PRODUCT_BUNDLE_IDENTIFIER = th.ac.dpu.ant.MyReminderAppAmM;
				PRODUCT_NAME = "$(TARGET_NAME)";
				SWIFT_VERSION = 4.0;
				TARGETED_DEVICE_FAMILY = "1,2";
			};
			name = Release;
		};
/* End XCBuildConfiguration section */

/* Begin XCConfigurationList section */
		D73AA0501F9398A5007B37B4 /* Build configuration list for PBXProject "MyReminderApp" */ = {
			isa = XCConfigurationList;
			buildConfigurations = (
				D73AA0651F9398A5007B37B4 /* Debug */,
				D73AA0661F9398A5007B37B4 /* Release */,
			);
			defaultConfigurationIsVisible = 0;
			defaultConfigurationName = Release;
		};
		D73AA0671F9398A5007B37B4 /* Build configuration list for PBXNativeTarget "MyReminderApp" */ = {
			isa = XCConfigurationList;
			buildConfigurations = (
				D73AA0681F9398A5007B37B4 /* Debug */,
				D73AA0691F9398A5007B37B4 /* Release */,
			);
			defaultConfigurationIsVisible = 0;
			defaultConfigurationName = Release;
		};
/* End XCConfigurationList section */
	};
	rootObject = D73AA04D1F9398A5007B37B4 /* Project object */;
}
