// !$*UTF8*$!
{
	archiveVersion = 1;
	classes = {
	};
	objectVersion = 48;
	objects = {

/* Begin PBXBuildFile section */
		8F474B6D1F6F9593004BCBB0 /* MainItemCategoryTableViewController.swift in Sources */ = {isa = PBXBuildFile; fileRef = 8F474B6C1F6F9593004BCBB0 /* MainItemCategoryTableViewController.swift */; };
		8F474B6F1F6F95B4004BCBB0 /* ItemCategoryViewController.swift in Sources */ = {isa = PBXBuildFile; fileRef = 8F474B6E1F6F95B4004BCBB0 /* ItemCategoryViewController.swift */; };
		D7ED89501F6D7E940029BDF0 /* AppDelegate.swift in Sources */ = {isa = PBXBuildFile; fileRef = D7ED894F1F6D7E940029BDF0 /* AppDelegate.swift */; };
		D7ED89521F6D7E940029BDF0 /* ShoppingListViewController.swift in Sources */ = {isa = PBXBuildFile; fileRef = D7ED89511F6D7E940029BDF0 /* ShoppingListViewController.swift */; };
		D7ED89551F6D7E940029BDF0 /* Main.storyboard in Resources */ = {isa = PBXBuildFile; fileRef = D7ED89531F6D7E940029BDF0 /* Main.storyboard */; };
		D7ED89581F6D7E940029BDF0 /* MyShoppingListDB.xcdatamodeld in Sources */ = {isa = PBXBuildFile; fileRef = D7ED89561F6D7E940029BDF0 /* MyShoppingListDB.xcdatamodeld */; };
		D7ED895A1F6D7E940029BDF0 /* Assets.xcassets in Resources */ = {isa = PBXBuildFile; fileRef = D7ED89591F6D7E940029BDF0 /* Assets.xcassets */; };
		D7ED895D1F6D7E940029BDF0 /* LaunchScreen.storyboard in Resources */ = {isa = PBXBuildFile; fileRef = D7ED895B1F6D7E940029BDF0 /* LaunchScreen.storyboard */; };
		D7ED89651F6D81F50029BDF0 /* AddItemViewController.swift in Sources */ = {isa = PBXBuildFile; fileRef = D7ED89641F6D81F50029BDF0 /* AddItemViewController.swift */; };
/* End PBXBuildFile section */

/* Begin PBXFileReference section */
		8F474B6C1F6F9593004BCBB0 /* MainItemCategoryTableViewController.swift */ = {isa = PBXFileReference; lastKnownFileType = sourcecode.swift; path = MainItemCategoryTableViewController.swift; sourceTree = "<group>"; };
		8F474B6E1F6F95B4004BCBB0 /* ItemCategoryViewController.swift */ = {isa = PBXFileReference; lastKnownFileType = sourcecode.swift; path = ItemCategoryViewController.swift; sourceTree = "<group>"; };
		D7ED894C1F6D7E940029BDF0 /* MyShoppingListDB.app */ = {isa = PBXFileReference; explicitFileType = wrapper.application; includeInIndex = 0; path = MyShoppingListDB.app; sourceTree = BUILT_PRODUCTS_DIR; };
		D7ED894F1F6D7E940029BDF0 /* AppDelegate.swift */ = {isa = PBXFileReference; lastKnownFileType = sourcecode.swift; path = AppDelegate.swift; sourceTree = "<group>"; };
		D7ED89511F6D7E940029BDF0 /* ShoppingListViewController.swift */ = {isa = PBXFileReference; lastKnownFileType = sourcecode.swift; path = ShoppingListViewController.swift; sourceTree = "<group>"; };
		D7ED89541F6D7E940029BDF0 /* Base */ = {isa = PBXFileReference; lastKnownFileType = file.storyboard; name = Base; path = Base.lproj/Main.storyboard; sourceTree = "<group>"; };
		D7ED89571F6D7E940029BDF0 /* MyShoppingListDB.xcdatamodel */ = {isa = PBXFileReference; lastKnownFileType = wrapper.xcdatamodel; path = MyShoppingListDB.xcdatamodel; sourceTree = "<group>"; };
		D7ED89591F6D7E940029BDF0 /* Assets.xcassets */ = {isa = PBXFileReference; lastKnownFileType = folder.assetcatalog; path = Assets.xcassets; sourceTree = "<group>"; };
		D7ED895C1F6D7E940029BDF0 /* Base */ = {isa = PBXFileReference; lastKnownFileType = file.storyboard; name = Base; path = Base.lproj/LaunchScreen.storyboard; sourceTree = "<group>"; };
		D7ED895E1F6D7E940029BDF0 /* Info.plist */ = {isa = PBXFileReference; lastKnownFileType = text.plist.xml; path = Info.plist; sourceTree = "<group>"; };
		D7ED89641F6D81F50029BDF0 /* AddItemViewController.swift */ = {isa = PBXFileReference; lastKnownFileType = sourcecode.swift; path = AddItemViewController.swift; sourceTree = "<group>"; };
/* End PBXFileReference section */

/* Begin PBXFrameworksBuildPhase section */
		D7ED89491F6D7E940029BDF0 /* Frameworks */ = {
			isa = PBXFrameworksBuildPhase;
			buildActionMask = 2147483647;
			files = (
			);
			runOnlyForDeploymentPostprocessing = 0;
		};
/* End PBXFrameworksBuildPhase section */

/* Begin PBXGroup section */
		D7ED89431F6D7E940029BDF0 = {
			isa = PBXGroup;
			children = (
				D7ED894E1F6D7E940029BDF0 /* MyShoppingListDB */,
				D7ED894D1F6D7E940029BDF0 /* Products */,
			);
			sourceTree = "<group>";
		};
		D7ED894D1F6D7E940029BDF0 /* Products */ = {
			isa = PBXGroup;
			children = (
				D7ED894C1F6D7E940029BDF0 /* MyShoppingListDB.app */,
			);
			name = Products;
			sourceTree = "<group>";
		};
		D7ED894E1F6D7E940029BDF0 /* MyShoppingListDB */ = {
			isa = PBXGroup;
			children = (
				D7ED894F1F6D7E940029BDF0 /* AppDelegate.swift */,
				D7ED89511F6D7E940029BDF0 /* ShoppingListViewController.swift */,
				D7ED89531F6D7E940029BDF0 /* Main.storyboard */,
				D7ED89641F6D81F50029BDF0 /* AddItemViewController.swift */,
				D7ED89591F6D7E940029BDF0 /* Assets.xcassets */,
				D7ED895B1F6D7E940029BDF0 /* LaunchScreen.storyboard */,
				D7ED895E1F6D7E940029BDF0 /* Info.plist */,
				D7ED89561F6D7E940029BDF0 /* MyShoppingListDB.xcdatamodeld */,
				8F474B6C1F6F9593004BCBB0 /* MainItemCategoryTableViewController.swift */,
				8F474B6E1F6F95B4004BCBB0 /* ItemCategoryViewController.swift */,
			);
			path = MyShoppingListDB;
			sourceTree = "<group>";
		};
/* End PBXGroup section */

/* Begin PBXNativeTarget section */
		D7ED894B1F6D7E940029BDF0 /* MyShoppingListDB */ = {
			isa = PBXNativeTarget;
			buildConfigurationList = D7ED89611F6D7E940029BDF0 /* Build configuration list for PBXNativeTarget "MyShoppingListDB" */;
			buildPhases = (
				D7ED89481F6D7E940029BDF0 /* Sources */,
				D7ED89491F6D7E940029BDF0 /* Frameworks */,
				D7ED894A1F6D7E940029BDF0 /* Resources */,
			);
			buildRules = (
			);
			dependencies = (
			);
			name = MyShoppingListDB;
			productName = MyShoppingListDB;
			productReference = D7ED894C1F6D7E940029BDF0 /* MyShoppingListDB.app */;
			productType = "com.apple.product-type.application";
		};
/* End PBXNativeTarget section */

/* Begin PBXProject section */
		D7ED89441F6D7E940029BDF0 /* Project object */ = {
			isa = PBXProject;
			attributes = {
				LastSwiftUpdateCheck = 0900;
				LastUpgradeCheck = 0900;
				ORGANIZATIONNAME = ANT;
				TargetAttributes = {
					D7ED894B1F6D7E940029BDF0 = {
						CreatedOnToolsVersion = 9.0;
						ProvisioningStyle = Automatic;
					};
				};
			};
			buildConfigurationList = D7ED89471F6D7E940029BDF0 /* Build configuration list for PBXProject "MyShoppingListDB" */;
			compatibilityVersion = "Xcode 8.0";
			developmentRegion = en;
			hasScannedForEncodings = 0;
			knownRegions = (
				en,
				Base,
			);
			mainGroup = D7ED89431F6D7E940029BDF0;
			productRefGroup = D7ED894D1F6D7E940029BDF0 /* Products */;
			projectDirPath = "";
			projectRoot = "";
			targets = (
				D7ED894B1F6D7E940029BDF0 /* MyShoppingListDB */,
			);
		};
/* End PBXProject section */

/* Begin PBXResourcesBuildPhase section */
		D7ED894A1F6D7E940029BDF0 /* Resources */ = {
			isa = PBXResourcesBuildPhase;
			buildActionMask = 2147483647;
			files = (
				D7ED895D1F6D7E940029BDF0 /* LaunchScreen.storyboard in Resources */,
				D7ED895A1F6D7E940029BDF0 /* Assets.xcassets in Resources */,
				D7ED89551F6D7E940029BDF0 /* Main.storyboard in Resources */,
			);
			runOnlyForDeploymentPostprocessing = 0;
		};
/* End PBXResourcesBuildPhase section */

/* Begin PBXSourcesBuildPhase section */
		D7ED89481F6D7E940029BDF0 /* Sources */ = {
			isa = PBXSourcesBuildPhase;
			buildActionMask = 2147483647;
			files = (
				8F474B6F1F6F95B4004BCBB0 /* ItemCategoryViewController.swift in Sources */,
				D7ED89581F6D7E940029BDF0 /* MyShoppingListDB.xcdatamodeld in Sources */,
				D7ED89651F6D81F50029BDF0 /* AddItemViewController.swift in Sources */,
				D7ED89521F6D7E940029BDF0 /* ShoppingListViewController.swift in Sources */,
				D7ED89501F6D7E940029BDF0 /* AppDelegate.swift in Sources */,
				8F474B6D1F6F9593004BCBB0 /* MainItemCategoryTableViewController.swift in Sources */,
			);
			runOnlyForDeploymentPostprocessing = 0;
		};
/* End PBXSourcesBuildPhase section */

/* Begin PBXVariantGroup section */
		D7ED89531F6D7E940029BDF0 /* Main.storyboard */ = {
			isa = PBXVariantGroup;
			children = (
				D7ED89541F6D7E940029BDF0 /* Base */,
			);
			name = Main.storyboard;
			sourceTree = "<group>";
		};
		D7ED895B1F6D7E940029BDF0 /* LaunchScreen.storyboard */ = {
			isa = PBXVariantGroup;
			children = (
				D7ED895C1F6D7E940029BDF0 /* Base */,
			);
			name = LaunchScreen.storyboard;
			sourceTree = "<group>";
		};
/* End PBXVariantGroup section */

/* Begin XCBuildConfiguration section */
		D7ED895F1F6D7E940029BDF0 /* Debug */ = {
			isa = XCBuildConfiguration;
			buildSettings = {
				ALWAYS_SEARCH_USER_PATHS = NO;
				CLANG_ANALYZER_NONNULL = YES;
				CLANG_ANALYZER_NUMBER_OBJECT_CONVERSION = YES_AGGRESSIVE;
				CLANG_CXX_LANGUAGE_STANDARD = "gnu++14";
				CLANG_CXX_LIBRARY = "libc++";
				CLANG_ENABLE_MODULES = YES;
				CLANG_ENABLE_OBJC_ARC = YES;
				CLANG_WARN_BLOCK_CAPTURE_AUTORELEASING = YES;
				CLANG_WARN_BOOL_CONVERSION = YES;
				CLANG_WARN_COMMA = YES;
				CLANG_WARN_CONSTANT_CONVERSION = YES;
				CLANG_WARN_DIRECT_OBJC_ISA_USAGE = YES_ERROR;
				CLANG_WARN_DOCUMENTATION_COMMENTS = YES;
				CLANG_WARN_EMPTY_BODY = YES;
				CLANG_WARN_ENUM_CONVERSION = YES;
				CLANG_WARN_INFINITE_RECURSION = YES;
				CLANG_WARN_INT_CONVERSION = YES;
				CLANG_WARN_NON_LITERAL_NULL_CONVERSION = YES;
				CLANG_WARN_OBJC_LITERAL_CONVERSION = YES;
				CLANG_WARN_OBJC_ROOT_CLASS = YES_ERROR;
				CLANG_WARN_RANGE_LOOP_ANALYSIS = YES;
				CLANG_WARN_STRICT_PROTOTYPES = YES;
				CLANG_WARN_SUSPICIOUS_MOVE = YES;
				CLANG_WARN_UNGUARDED_AVAILABILITY = YES_AGGRESSIVE;
				CLANG_WARN_UNREACHABLE_CODE = YES;
				CLANG_WARN__DUPLICATE_METHOD_MATCH = YES;
				CODE_SIGN_IDENTITY = "iPhone Developer";
				COPY_PHASE_STRIP = NO;
				DEBUG_INFORMATION_FORMAT = dwarf;
				ENABLE_STRICT_OBJC_MSGSEND = YES;
				ENABLE_TESTABILITY = YES;
				GCC_C_LANGUAGE_STANDARD = gnu11;
				GCC_DYNAMIC_NO_PIC = NO;
				GCC_NO_COMMON_BLOCKS = YES;
				GCC_OPTIMIZATION_LEVEL = 0;
				GCC_PREPROCESSOR_DEFINITIONS = (
					"DEBUG=1",
					"$(inherited)",
				);
				GCC_WARN_64_TO_32_BIT_CONVERSION = YES;
				GCC_WARN_ABOUT_RETURN_TYPE = YES_ERROR;
				GCC_WARN_UNDECLARED_SELECTOR = YES;
				GCC_WARN_UNINITIALIZED_AUTOS = YES_AGGRESSIVE;
				GCC_WARN_UNUSED_FUNCTION = YES;
				GCC_WARN_UNUSED_VARIABLE = YES;
				IPHONEOS_DEPLOYMENT_TARGET = 11.0;
				MTL_ENABLE_DEBUG_INFO = YES;
				ONLY_ACTIVE_ARCH = YES;
				SDKROOT = iphoneos;
				SWIFT_ACTIVE_COMPILATION_CONDITIONS = DEBUG;
				SWIFT_OPTIMIZATION_LEVEL = "-Onone";
			};
			name = Debug;
		};
		D7ED89601F6D7E940029BDF0 /* Release */ = {
			isa = XCBuildConfiguration;
			buildSettings = {
				ALWAYS_SEARCH_USER_PATHS = NO;
				CLANG_ANALYZER_NONNULL = YES;
				CLANG_ANALYZER_NUMBER_OBJECT_CONVERSION = YES_AGGRESSIVE;
				CLANG_CXX_LANGUAGE_STANDARD = "gnu++14";
				CLANG_CXX_LIBRARY = "libc++";
				CLANG_ENABLE_MODULES = YES;
				CLANG_ENABLE_OBJC_ARC = YES;
				CLANG_WARN_BLOCK_CAPTURE_AUTORELEASING = YES;
				CLANG_WARN_BOOL_CONVERSION = YES;
				CLANG_WARN_COMMA = YES;
				CLANG_WARN_CONSTANT_CONVERSION = YES;
				CLANG_WARN_DIRECT_OBJC_ISA_USAGE = YES_ERROR;
				CLANG_WARN_DOCUMENTATION_COMMENTS = YES;
				CLANG_WARN_EMPTY_BODY = YES;
				CLANG_WARN_ENUM_CONVERSION = YES;
				CLANG_WARN_INFINITE_RECURSION = YES;
				CLANG_WARN_INT_CONVERSION = YES;
				CLANG_WARN_NON_LITERAL_NULL_CONVERSION = YES;
				CLANG_WARN_OBJC_LITERAL_CONVERSION = YES;
				CLANG_WARN_OBJC_ROOT_CLASS = YES_ERROR;
				CLANG_WARN_RANGE_LOOP_ANALYSIS = YES;
				CLANG_WARN_STRICT_PROTOTYPES = YES;
				CLANG_WARN_SUSPICIOUS_MOVE = YES;
				CLANG_WARN_UNGUARDED_AVAILABILITY = YES_AGGRESSIVE;
				CLANG_WARN_UNREACHABLE_CODE = YES;
				CLANG_WARN__DUPLICATE_METHOD_MATCH = YES;
				CODE_SIGN_IDENTITY = "iPhone Developer";
				COPY_PHASE_STRIP = NO;
				DEBUG_INFORMATION_FORMAT = "dwarf-with-dsym";
				ENABLE_NS_ASSERTIONS = NO;
				ENABLE_STRICT_OBJC_MSGSEND = YES;
				GCC_C_LANGUAGE_STANDARD = gnu11;
				GCC_NO_COMMON_BLOCKS = YES;
				GCC_WARN_64_TO_32_BIT_CONVERSION = YES;
				GCC_WARN_ABOUT_RETURN_TYPE = YES_ERROR;
				GCC_WARN_UNDECLARED_SELECTOR = YES;
				GCC_WARN_UNINITIALIZED_AUTOS = YES_AGGRESSIVE;
				GCC_WARN_UNUSED_FUNCTION = YES;
				GCC_WARN_UNUSED_VARIABLE = YES;
				IPHONEOS_DEPLOYMENT_TARGET = 11.0;
				MTL_ENABLE_DEBUG_INFO = NO;
				SDKROOT = iphoneos;
				SWIFT_OPTIMIZATION_LEVEL = "-Owholemodule";
				VALIDATE_PRODUCT = YES;
			};
			name = Release;
		};
		D7ED89621F6D7E940029BDF0 /* Debug */ = {
			isa = XCBuildConfiguration;
			buildSettings = {
				ASSETCATALOG_COMPILER_APPICON_NAME = AppIcon;
				CODE_SIGN_STYLE = Automatic;
				DEVELOPMENT_TEAM = 63CUM85V74;
				INFOPLIST_FILE = MyShoppingListDB/Info.plist;
				LD_RUNPATH_SEARCH_PATHS = "$(inherited) @executable_path/Frameworks";
				PRODUCT_BUNDLE_IDENTIFIER = io.amsoft;
				PRODUCT_NAME = "$(TARGET_NAME)";
				SWIFT_VERSION = 4.0;
				TARGETED_DEVICE_FAMILY = "1,2";
			};
			name = Debug;
		};
		D7ED89631F6D7E940029BDF0 /* Release */ = {
			isa = XCBuildConfiguration;
			buildSettings = {
				ASSETCATALOG_COMPILER_APPICON_NAME = AppIcon;
				CODE_SIGN_STYLE = Automatic;
				DEVELOPMENT_TEAM = 63CUM85V74;
				INFOPLIST_FILE = MyShoppingListDB/Info.plist;
				LD_RUNPATH_SEARCH_PATHS = "$(inherited) @executable_path/Frameworks";
				PRODUCT_BUNDLE_IDENTIFIER = io.amsoft;
				PRODUCT_NAME = "$(TARGET_NAME)";
				SWIFT_VERSION = 4.0;
				TARGETED_DEVICE_FAMILY = "1,2";
			};
			name = Release;
		};
/* End XCBuildConfiguration section */

/* Begin XCConfigurationList section */
		D7ED89471F6D7E940029BDF0 /* Build configuration list for PBXProject "MyShoppingListDB" */ = {
			isa = XCConfigurationList;
			buildConfigurations = (
				D7ED895F1F6D7E940029BDF0 /* Debug */,
				D7ED89601F6D7E940029BDF0 /* Release */,
			);
			defaultConfigurationIsVisible = 0;
			defaultConfigurationName = Release;
		};
		D7ED89611F6D7E940029BDF0 /* Build configuration list for PBXNativeTarget "MyShoppingListDB" */ = {
			isa = XCConfigurationList;
			buildConfigurations = (
				D7ED89621F6D7E940029BDF0 /* Debug */,
				D7ED89631F6D7E940029BDF0 /* Release */,
			);
			defaultConfigurationIsVisible = 0;
			defaultConfigurationName = Release;
		};
/* End XCConfigurationList section */

/* Begin XCVersionGroup section */
		D7ED89561F6D7E940029BDF0 /* MyShoppingListDB.xcdatamodeld */ = {
			isa = XCVersionGroup;
			children = (
				D7ED89571F6D7E940029BDF0 /* MyShoppingListDB.xcdatamodel */,
			);
			currentVersion = D7ED89571F6D7E940029BDF0 /* MyShoppingListDB.xcdatamodel */;
			path = MyShoppingListDB.xcdatamodeld;
			sourceTree = "<group>";
			versionGroupType = wrapper.xcdatamodel;
		};
/* End XCVersionGroup section */
	};
	rootObject = D7ED89441F6D7E940029BDF0 /* Project object */;
}
