// !$*UTF8*$!
{
	archiveVersion = 1;
	classes = {
	};
	objectVersion = 48;
	objects = {

/* Begin PBXBuildFile section */
		8F64A8881F5D4EA000AFAA40 /* AppDelegate.swift in Sources */ = {isa = PBXBuildFile; fileRef = 8F64A8871F5D4EA000AFAA40 /* AppDelegate.swift */; };
		8F64A88A1F5D4EA000AFAA40 /* ViewController.swift in Sources */ = {isa = PBXBuildFile; fileRef = 8F64A8891F5D4EA000AFAA40 /* ViewController.swift */; };
		8F64A88D1F5D4EA000AFAA40 /* Main.storyboard in Resources */ = {isa = PBXBuildFile; fileRef = 8F64A88B1F5D4EA000AFAA40 /* Main.storyboard */; };
		8F64A8901F5D4EA000AFAA40 /* MyCameraApp.xcdatamodeld in Sources */ = {isa = PBXBuildFile; fileRef = 8F64A88E1F5D4EA000AFAA40 /* MyCameraApp.xcdatamodeld */; };
		8F64A8921F5D4EA000AFAA40 /* Assets.xcassets in Resources */ = {isa = PBXBuildFile; fileRef = 8F64A8911F5D4EA000AFAA40 /* Assets.xcassets */; };
		8F64A8951F5D4EA100AFAA40 /* LaunchScreen.storyboard in Resources */ = {isa = PBXBuildFile; fileRef = 8F64A8931F5D4EA100AFAA40 /* LaunchScreen.storyboard */; };
		8F64A8A01F5D4EA100AFAA40 /* MyCameraAppTests.swift in Sources */ = {isa = PBXBuildFile; fileRef = 8F64A89F1F5D4EA100AFAA40 /* MyCameraAppTests.swift */; };
		8F64A8AB1F5D4EA100AFAA40 /* MyCameraAppUITests.swift in Sources */ = {isa = PBXBuildFile; fileRef = 8F64A8AA1F5D4EA100AFAA40 /* MyCameraAppUITests.swift */; };
/* End PBXBuildFile section */

/* Begin PBXContainerItemProxy section */
		8F64A89C1F5D4EA100AFAA40 /* PBXContainerItemProxy */ = {
			isa = PBXContainerItemProxy;
			containerPortal = 8F64A87C1F5D4E9F00AFAA40 /* Project object */;
			proxyType = 1;
			remoteGlobalIDString = 8F64A8831F5D4E9F00AFAA40;
			remoteInfo = MyCameraApp;
		};
		8F64A8A71F5D4EA100AFAA40 /* PBXContainerItemProxy */ = {
			isa = PBXContainerItemProxy;
			containerPortal = 8F64A87C1F5D4E9F00AFAA40 /* Project object */;
			proxyType = 1;
			remoteGlobalIDString = 8F64A8831F5D4E9F00AFAA40;
			remoteInfo = MyCameraApp;
		};
/* End PBXContainerItemProxy section */

/* Begin PBXFileReference section */
		8F64A8841F5D4E9F00AFAA40 /* MyCameraApp.app */ = {isa = PBXFileReference; explicitFileType = wrapper.application; includeInIndex = 0; path = MyCameraApp.app; sourceTree = BUILT_PRODUCTS_DIR; };
		8F64A8871F5D4EA000AFAA40 /* AppDelegate.swift */ = {isa = PBXFileReference; lastKnownFileType = sourcecode.swift; path = AppDelegate.swift; sourceTree = "<group>"; };
		8F64A8891F5D4EA000AFAA40 /* ViewController.swift */ = {isa = PBXFileReference; lastKnownFileType = sourcecode.swift; path = ViewController.swift; sourceTree = "<group>"; };
		8F64A88C1F5D4EA000AFAA40 /* Base */ = {isa = PBXFileReference; lastKnownFileType = file.storyboard; name = Base; path = Base.lproj/Main.storyboard; sourceTree = "<group>"; };
		8F64A88F1F5D4EA000AFAA40 /* MyCameraApp.xcdatamodel */ = {isa = PBXFileReference; lastKnownFileType = wrapper.xcdatamodel; path = MyCameraApp.xcdatamodel; sourceTree = "<group>"; };
		8F64A8911F5D4EA000AFAA40 /* Assets.xcassets */ = {isa = PBXFileReference; lastKnownFileType = folder.assetcatalog; path = Assets.xcassets; sourceTree = "<group>"; };
		8F64A8941F5D4EA100AFAA40 /* Base */ = {isa = PBXFileReference; lastKnownFileType = file.storyboard; name = Base; path = Base.lproj/LaunchScreen.storyboard; sourceTree = "<group>"; };
		8F64A8961F5D4EA100AFAA40 /* Info.plist */ = {isa = PBXFileReference; lastKnownFileType = text.plist.xml; path = Info.plist; sourceTree = "<group>"; };
		8F64A89B1F5D4EA100AFAA40 /* MyCameraAppTests.xctest */ = {isa = PBXFileReference; explicitFileType = wrapper.cfbundle; includeInIndex = 0; path = MyCameraAppTests.xctest; sourceTree = BUILT_PRODUCTS_DIR; };
		8F64A89F1F5D4EA100AFAA40 /* MyCameraAppTests.swift */ = {isa = PBXFileReference; lastKnownFileType = sourcecode.swift; path = MyCameraAppTests.swift; sourceTree = "<group>"; };
		8F64A8A11F5D4EA100AFAA40 /* Info.plist */ = {isa = PBXFileReference; lastKnownFileType = text.plist.xml; path = Info.plist; sourceTree = "<group>"; };
		8F64A8A61F5D4EA100AFAA40 /* MyCameraAppUITests.xctest */ = {isa = PBXFileReference; explicitFileType = wrapper.cfbundle; includeInIndex = 0; path = MyCameraAppUITests.xctest; sourceTree = BUILT_PRODUCTS_DIR; };
		8F64A8AA1F5D4EA100AFAA40 /* MyCameraAppUITests.swift */ = {isa = PBXFileReference; lastKnownFileType = sourcecode.swift; path = MyCameraAppUITests.swift; sourceTree = "<group>"; };
		8F64A8AC1F5D4EA100AFAA40 /* Info.plist */ = {isa = PBXFileReference; lastKnownFileType = text.plist.xml; path = Info.plist; sourceTree = "<group>"; };
/* End PBXFileReference section */

/* Begin PBXFrameworksBuildPhase section */
		8F64A8811F5D4E9F00AFAA40 /* Frameworks */ = {
			isa = PBXFrameworksBuildPhase;
			buildActionMask = 2147483647;
			files = (
			);
			runOnlyForDeploymentPostprocessing = 0;
		};
		8F64A8981F5D4EA100AFAA40 /* Frameworks */ = {
			isa = PBXFrameworksBuildPhase;
			buildActionMask = 2147483647;
			files = (
			);
			runOnlyForDeploymentPostprocessing = 0;
		};
		8F64A8A31F5D4EA100AFAA40 /* Frameworks */ = {
			isa = PBXFrameworksBuildPhase;
			buildActionMask = 2147483647;
			files = (
			);
			runOnlyForDeploymentPostprocessing = 0;
		};
/* End PBXFrameworksBuildPhase section */

/* Begin PBXGroup section */
		8F64A87B1F5D4E9F00AFAA40 = {
			isa = PBXGroup;
			children = (
				8F64A8861F5D4E9F00AFAA40 /* MyCameraApp */,
				8F64A89E1F5D4EA100AFAA40 /* MyCameraAppTests */,
				8F64A8A91F5D4EA100AFAA40 /* MyCameraAppUITests */,
				8F64A8851F5D4E9F00AFAA40 /* Products */,
			);
			sourceTree = "<group>";
		};
		8F64A8851F5D4E9F00AFAA40 /* Products */ = {
			isa = PBXGroup;
			children = (
				8F64A8841F5D4E9F00AFAA40 /* MyCameraApp.app */,
				8F64A89B1F5D4EA100AFAA40 /* MyCameraAppTests.xctest */,
				8F64A8A61F5D4EA100AFAA40 /* MyCameraAppUITests.xctest */,
			);
			name = Products;
			sourceTree = "<group>";
		};
		8F64A8861F5D4E9F00AFAA40 /* MyCameraApp */ = {
			isa = PBXGroup;
			children = (
				8F64A8871F5D4EA000AFAA40 /* AppDelegate.swift */,
				8F64A8891F5D4EA000AFAA40 /* ViewController.swift */,
				8F64A88B1F5D4EA000AFAA40 /* Main.storyboard */,
				8F64A8911F5D4EA000AFAA40 /* Assets.xcassets */,
				8F64A8931F5D4EA100AFAA40 /* LaunchScreen.storyboard */,
				8F64A8961F5D4EA100AFAA40 /* Info.plist */,
				8F64A88E1F5D4EA000AFAA40 /* MyCameraApp.xcdatamodeld */,
			);
			path = MyCameraApp;
			sourceTree = "<group>";
		};
		8F64A89E1F5D4EA100AFAA40 /* MyCameraAppTests */ = {
			isa = PBXGroup;
			children = (
				8F64A89F1F5D4EA100AFAA40 /* MyCameraAppTests.swift */,
				8F64A8A11F5D4EA100AFAA40 /* Info.plist */,
			);
			path = MyCameraAppTests;
			sourceTree = "<group>";
		};
		8F64A8A91F5D4EA100AFAA40 /* MyCameraAppUITests */ = {
			isa = PBXGroup;
			children = (
				8F64A8AA1F5D4EA100AFAA40 /* MyCameraAppUITests.swift */,
				8F64A8AC1F5D4EA100AFAA40 /* Info.plist */,
			);
			path = MyCameraAppUITests;
			sourceTree = "<group>";
		};
/* End PBXGroup section */

/* Begin PBXNativeTarget section */
		8F64A8831F5D4E9F00AFAA40 /* MyCameraApp */ = {
			isa = PBXNativeTarget;
			buildConfigurationList = 8F64A8AF1F5D4EA100AFAA40 /* Build configuration list for PBXNativeTarget "MyCameraApp" */;
			buildPhases = (
				8F64A8801F5D4E9F00AFAA40 /* Sources */,
				8F64A8811F5D4E9F00AFAA40 /* Frameworks */,
				8F64A8821F5D4E9F00AFAA40 /* Resources */,
			);
			buildRules = (
			);
			dependencies = (
			);
			name = MyCameraApp;
			productName = MyCameraApp;
			productReference = 8F64A8841F5D4E9F00AFAA40 /* MyCameraApp.app */;
			productType = "com.apple.product-type.application";
		};
		8F64A89A1F5D4EA100AFAA40 /* MyCameraAppTests */ = {
			isa = PBXNativeTarget;
			buildConfigurationList = 8F64A8B21F5D4EA100AFAA40 /* Build configuration list for PBXNativeTarget "MyCameraAppTests" */;
			buildPhases = (
				8F64A8971F5D4EA100AFAA40 /* Sources */,
				8F64A8981F5D4EA100AFAA40 /* Frameworks */,
				8F64A8991F5D4EA100AFAA40 /* Resources */,
			);
			buildRules = (
			);
			dependencies = (
				8F64A89D1F5D4EA100AFAA40 /* PBXTargetDependency */,
			);
			name = MyCameraAppTests;
			productName = MyCameraAppTests;
			productReference = 8F64A89B1F5D4EA100AFAA40 /* MyCameraAppTests.xctest */;
			productType = "com.apple.product-type.bundle.unit-test";
		};
		8F64A8A51F5D4EA100AFAA40 /* MyCameraAppUITests */ = {
			isa = PBXNativeTarget;
			buildConfigurationList = 8F64A8B51F5D4EA100AFAA40 /* Build configuration list for PBXNativeTarget "MyCameraAppUITests" */;
			buildPhases = (
				8F64A8A21F5D4EA100AFAA40 /* Sources */,
				8F64A8A31F5D4EA100AFAA40 /* Frameworks */,
				8F64A8A41F5D4EA100AFAA40 /* Resources */,
			);
			buildRules = (
			);
			dependencies = (
				8F64A8A81F5D4EA100AFAA40 /* PBXTargetDependency */,
			);
			name = MyCameraAppUITests;
			productName = MyCameraAppUITests;
			productReference = 8F64A8A61F5D4EA100AFAA40 /* MyCameraAppUITests.xctest */;
			productType = "com.apple.product-type.bundle.ui-testing";
		};
/* End PBXNativeTarget section */

/* Begin PBXProject section */
		8F64A87C1F5D4E9F00AFAA40 /* Project object */ = {
			isa = PBXProject;
			attributes = {
				LastSwiftUpdateCheck = 0900;
				LastUpgradeCheck = 0900;
				ORGANIZATIONNAME = "Amnuay M";
				TargetAttributes = {
					8F64A8831F5D4E9F00AFAA40 = {
						CreatedOnToolsVersion = 9.0;
						ProvisioningStyle = Automatic;
					};
					8F64A89A1F5D4EA100AFAA40 = {
						CreatedOnToolsVersion = 9.0;
						ProvisioningStyle = Automatic;
						TestTargetID = 8F64A8831F5D4E9F00AFAA40;
					};
					8F64A8A51F5D4EA100AFAA40 = {
						CreatedOnToolsVersion = 9.0;
						ProvisioningStyle = Automatic;
						TestTargetID = 8F64A8831F5D4E9F00AFAA40;
					};
				};
			};
			buildConfigurationList = 8F64A87F1F5D4E9F00AFAA40 /* Build configuration list for PBXProject "MyCameraApp" */;
			compatibilityVersion = "Xcode 8.0";
			developmentRegion = en;
			hasScannedForEncodings = 0;
			knownRegions = (
				en,
				Base,
			);
			mainGroup = 8F64A87B1F5D4E9F00AFAA40;
			productRefGroup = 8F64A8851F5D4E9F00AFAA40 /* Products */;
			projectDirPath = "";
			projectRoot = "";
			targets = (
				8F64A8831F5D4E9F00AFAA40 /* MyCameraApp */,
				8F64A89A1F5D4EA100AFAA40 /* MyCameraAppTests */,
				8F64A8A51F5D4EA100AFAA40 /* MyCameraAppUITests */,
			);
		};
/* End PBXProject section */

/* Begin PBXResourcesBuildPhase section */
		8F64A8821F5D4E9F00AFAA40 /* Resources */ = {
			isa = PBXResourcesBuildPhase;
			buildActionMask = 2147483647;
			files = (
				8F64A8951F5D4EA100AFAA40 /* LaunchScreen.storyboard in Resources */,
				8F64A8921F5D4EA000AFAA40 /* Assets.xcassets in Resources */,
				8F64A88D1F5D4EA000AFAA40 /* Main.storyboard in Resources */,
			);
			runOnlyForDeploymentPostprocessing = 0;
		};
		8F64A8991F5D4EA100AFAA40 /* Resources */ = {
			isa = PBXResourcesBuildPhase;
			buildActionMask = 2147483647;
			files = (
			);
			runOnlyForDeploymentPostprocessing = 0;
		};
		8F64A8A41F5D4EA100AFAA40 /* Resources */ = {
			isa = PBXResourcesBuildPhase;
			buildActionMask = 2147483647;
			files = (
			);
			runOnlyForDeploymentPostprocessing = 0;
		};
/* End PBXResourcesBuildPhase section */

/* Begin PBXSourcesBuildPhase section */
		8F64A8801F5D4E9F00AFAA40 /* Sources */ = {
			isa = PBXSourcesBuildPhase;
			buildActionMask = 2147483647;
			files = (
				8F64A8901F5D4EA000AFAA40 /* MyCameraApp.xcdatamodeld in Sources */,
				8F64A88A1F5D4EA000AFAA40 /* ViewController.swift in Sources */,
				8F64A8881F5D4EA000AFAA40 /* AppDelegate.swift in Sources */,
			);
			runOnlyForDeploymentPostprocessing = 0;
		};
		8F64A8971F5D4EA100AFAA40 /* Sources */ = {
			isa = PBXSourcesBuildPhase;
			buildActionMask = 2147483647;
			files = (
				8F64A8A01F5D4EA100AFAA40 /* MyCameraAppTests.swift in Sources */,
			);
			runOnlyForDeploymentPostprocessing = 0;
		};
		8F64A8A21F5D4EA100AFAA40 /* Sources */ = {
			isa = PBXSourcesBuildPhase;
			buildActionMask = 2147483647;
			files = (
				8F64A8AB1F5D4EA100AFAA40 /* MyCameraAppUITests.swift in Sources */,
			);
			runOnlyForDeploymentPostprocessing = 0;
		};
/* End PBXSourcesBuildPhase section */

/* Begin PBXTargetDependency section */
		8F64A89D1F5D4EA100AFAA40 /* PBXTargetDependency */ = {
			isa = PBXTargetDependency;
			target = 8F64A8831F5D4E9F00AFAA40 /* MyCameraApp */;
			targetProxy = 8F64A89C1F5D4EA100AFAA40 /* PBXContainerItemProxy */;
		};
		8F64A8A81F5D4EA100AFAA40 /* PBXTargetDependency */ = {
			isa = PBXTargetDependency;
			target = 8F64A8831F5D4E9F00AFAA40 /* MyCameraApp */;
			targetProxy = 8F64A8A71F5D4EA100AFAA40 /* PBXContainerItemProxy */;
		};
/* End PBXTargetDependency section */

/* Begin PBXVariantGroup section */
		8F64A88B1F5D4EA000AFAA40 /* Main.storyboard */ = {
			isa = PBXVariantGroup;
			children = (
				8F64A88C1F5D4EA000AFAA40 /* Base */,
			);
			name = Main.storyboard;
			sourceTree = "<group>";
		};
		8F64A8931F5D4EA100AFAA40 /* LaunchScreen.storyboard */ = {
			isa = PBXVariantGroup;
			children = (
				8F64A8941F5D4EA100AFAA40 /* Base */,
			);
			name = LaunchScreen.storyboard;
			sourceTree = "<group>";
		};
/* End PBXVariantGroup section */

/* Begin XCBuildConfiguration section */
		8F64A8AD1F5D4EA100AFAA40 /* Debug */ = {
			isa = XCBuildConfiguration;
			buildSettings = {
				ALWAYS_SEARCH_USER_PATHS = NO;
				CLANG_ANALYZER_NONNULL = YES;
				CLANG_ANALYZER_NUMBER_OBJECT_CONVERSION = YES_AGGRESSIVE;
				CLANG_CXX_LANGUAGE_STANDARD = "gnu++14";
				CLANG_CXX_LIBRARY = "libc++";
				CLANG_ENABLE_MODULES = YES;
				CLANG_ENABLE_OBJC_ARC = YES;
				CLANG_WARN_BLOCK_CAPTURE_AUTORELEASING = YES;
				CLANG_WARN_BOOL_CONVERSION = YES;
				CLANG_WARN_COMMA = YES;
				CLANG_WARN_CONSTANT_CONVERSION = YES;
				CLANG_WARN_DIRECT_OBJC_ISA_USAGE = YES_ERROR;
				CLANG_WARN_DOCUMENTATION_COMMENTS = YES;
				CLANG_WARN_EMPTY_BODY = YES;
				CLANG_WARN_ENUM_CONVERSION = YES;
				CLANG_WARN_INFINITE_RECURSION = YES;
				CLANG_WARN_INT_CONVERSION = YES;
				CLANG_WARN_NON_LITERAL_NULL_CONVERSION = YES;
				CLANG_WARN_OBJC_LITERAL_CONVERSION = YES;
				CLANG_WARN_OBJC_ROOT_CLASS = YES_ERROR;
				CLANG_WARN_RANGE_LOOP_ANALYSIS = YES;
				CLANG_WARN_STRICT_PROTOTYPES = YES;
				CLANG_WARN_SUSPICIOUS_MOVE = YES;
				CLANG_WARN_UNGUARDED_AVAILABILITY = YES_AGGRESSIVE;
				CLANG_WARN_UNREACHABLE_CODE = YES;
				CLANG_WARN__DUPLICATE_METHOD_MATCH = YES;
				CODE_SIGN_IDENTITY = "iPhone Developer";
				COPY_PHASE_STRIP = NO;
				DEBUG_INFORMATION_FORMAT = dwarf;
				ENABLE_STRICT_OBJC_MSGSEND = YES;
				ENABLE_TESTABILITY = YES;
				GCC_C_LANGUAGE_STANDARD = gnu11;
				GCC_DYNAMIC_NO_PIC = NO;
				GCC_NO_COMMON_BLOCKS = YES;
				GCC_OPTIMIZATION_LEVEL = 0;
				GCC_PREPROCESSOR_DEFINITIONS = (
					"DEBUG=1",
					"$(inherited)",
				);
				GCC_WARN_64_TO_32_BIT_CONVERSION = YES;
				GCC_WARN_ABOUT_RETURN_TYPE = YES_ERROR;
				GCC_WARN_UNDECLARED_SELECTOR = YES;
				GCC_WARN_UNINITIALIZED_AUTOS = YES_AGGRESSIVE;
				GCC_WARN_UNUSED_FUNCTION = YES;
				GCC_WARN_UNUSED_VARIABLE = YES;
				IPHONEOS_DEPLOYMENT_TARGET = 11.0;
				MTL_ENABLE_DEBUG_INFO = YES;
				ONLY_ACTIVE_ARCH = YES;
				SDKROOT = iphoneos;
				SWIFT_ACTIVE_COMPILATION_CONDITIONS = DEBUG;
				SWIFT_OPTIMIZATION_LEVEL = "-Onone";
			};
			name = Debug;
		};
		8F64A8AE1F5D4EA100AFAA40 /* Release */ = {
			isa = XCBuildConfiguration;
			buildSettings = {
				ALWAYS_SEARCH_USER_PATHS = NO;
				CLANG_ANALYZER_NONNULL = YES;
				CLANG_ANALYZER_NUMBER_OBJECT_CONVERSION = YES_AGGRESSIVE;
				CLANG_CXX_LANGUAGE_STANDARD = "gnu++14";
				CLANG_CXX_LIBRARY = "libc++";
				CLANG_ENABLE_MODULES = YES;
				CLANG_ENABLE_OBJC_ARC = YES;
				CLANG_WARN_BLOCK_CAPTURE_AUTORELEASING = YES;
				CLANG_WARN_BOOL_CONVERSION = YES;
				CLANG_WARN_COMMA = YES;
				CLANG_WARN_CONSTANT_CONVERSION = YES;
				CLANG_WARN_DIRECT_OBJC_ISA_USAGE = YES_ERROR;
				CLANG_WARN_DOCUMENTATION_COMMENTS = YES;
				CLANG_WARN_EMPTY_BODY = YES;
				CLANG_WARN_ENUM_CONVERSION = YES;
				CLANG_WARN_INFINITE_RECURSION = YES;
				CLANG_WARN_INT_CONVERSION = YES;
				CLANG_WARN_NON_LITERAL_NULL_CONVERSION = YES;
				CLANG_WARN_OBJC_LITERAL_CONVERSION = YES;
				CLANG_WARN_OBJC_ROOT_CLASS = YES_ERROR;
				CLANG_WARN_RANGE_LOOP_ANALYSIS = YES;
				CLANG_WARN_STRICT_PROTOTYPES = YES;
				CLANG_WARN_SUSPICIOUS_MOVE = YES;
				CLANG_WARN_UNGUARDED_AVAILABILITY = YES_AGGRESSIVE;
				CLANG_WARN_UNREACHABLE_CODE = YES;
				CLANG_WARN__DUPLICATE_METHOD_MATCH = YES;
				CODE_SIGN_IDENTITY = "iPhone Developer";
				COPY_PHASE_STRIP = NO;
				DEBUG_INFORMATION_FORMAT = "dwarf-with-dsym";
				ENABLE_NS_ASSERTIONS = NO;
				ENABLE_STRICT_OBJC_MSGSEND = YES;
				GCC_C_LANGUAGE_STANDARD = gnu11;
				GCC_NO_COMMON_BLOCKS = YES;
				GCC_WARN_64_TO_32_BIT_CONVERSION = YES;
				GCC_WARN_ABOUT_RETURN_TYPE = YES_ERROR;
				GCC_WARN_UNDECLARED_SELECTOR = YES;
				GCC_WARN_UNINITIALIZED_AUTOS = YES_AGGRESSIVE;
				GCC_WARN_UNUSED_FUNCTION = YES;
				GCC_WARN_UNUSED_VARIABLE = YES;
				IPHONEOS_DEPLOYMENT_TARGET = 11.0;
				MTL_ENABLE_DEBUG_INFO = NO;
				SDKROOT = iphoneos;
				SWIFT_OPTIMIZATION_LEVEL = "-Owholemodule";
				VALIDATE_PRODUCT = YES;
			};
			name = Release;
		};
		8F64A8B01F5D4EA100AFAA40 /* Debug */ = {
			isa = XCBuildConfiguration;
			buildSettings = {
				ASSETCATALOG_COMPILER_APPICON_NAME = AppIcon;
				CODE_SIGN_STYLE = Automatic;
				DEVELOPMENT_TEAM = 63CUM85V74;
				INFOPLIST_FILE = MyCameraApp/Info.plist;
				LD_RUNPATH_SEARCH_PATHS = "$(inherited) @executable_path/Frameworks";
				PRODUCT_BUNDLE_IDENTIFIER = io.amsoft.MyCameraApp;
				PRODUCT_NAME = "$(TARGET_NAME)";
				SWIFT_VERSION = 4.0;
				TARGETED_DEVICE_FAMILY = "1,2";
			};
			name = Debug;
		};
		8F64A8B11F5D4EA100AFAA40 /* Release */ = {
			isa = XCBuildConfiguration;
			buildSettings = {
				ASSETCATALOG_COMPILER_APPICON_NAME = AppIcon;
				CODE_SIGN_STYLE = Automatic;
				DEVELOPMENT_TEAM = 63CUM85V74;
				INFOPLIST_FILE = MyCameraApp/Info.plist;
				LD_RUNPATH_SEARCH_PATHS = "$(inherited) @executable_path/Frameworks";
				PRODUCT_BUNDLE_IDENTIFIER = io.amsoft.MyCameraApp;
				PRODUCT_NAME = "$(TARGET_NAME)";
				SWIFT_VERSION = 4.0;
				TARGETED_DEVICE_FAMILY = "1,2";
			};
			name = Release;
		};
		8F64A8B31F5D4EA100AFAA40 /* Debug */ = {
			isa = XCBuildConfiguration;
			buildSettings = {
				ALWAYS_EMBED_SWIFT_STANDARD_LIBRARIES = YES;
				BUNDLE_LOADER = "$(TEST_HOST)";
				CODE_SIGN_STYLE = Automatic;
				DEVELOPMENT_TEAM = 63CUM85V74;
				INFOPLIST_FILE = MyCameraAppTests/Info.plist;
				LD_RUNPATH_SEARCH_PATHS = "$(inherited) @executable_path/Frameworks @loader_path/Frameworks";
				PRODUCT_BUNDLE_IDENTIFIER = io.amsoft.MyCameraAppTests;
				PRODUCT_NAME = "$(TARGET_NAME)";
				SWIFT_VERSION = 4.0;
				TARGETED_DEVICE_FAMILY = "1,2";
				TEST_HOST = "$(BUILT_PRODUCTS_DIR)/MyCameraApp.app/MyCameraApp";
			};
			name = Debug;
		};
		8F64A8B41F5D4EA100AFAA40 /* Release */ = {
			isa = XCBuildConfiguration;
			buildSettings = {
				ALWAYS_EMBED_SWIFT_STANDARD_LIBRARIES = YES;
				BUNDLE_LOADER = "$(TEST_HOST)";
				CODE_SIGN_STYLE = Automatic;
				DEVELOPMENT_TEAM = 63CUM85V74;
				INFOPLIST_FILE = MyCameraAppTests/Info.plist;
				LD_RUNPATH_SEARCH_PATHS = "$(inherited) @executable_path/Frameworks @loader_path/Frameworks";
				PRODUCT_BUNDLE_IDENTIFIER = io.amsoft.MyCameraAppTests;
				PRODUCT_NAME = "$(TARGET_NAME)";
				SWIFT_VERSION = 4.0;
				TARGETED_DEVICE_FAMILY = "1,2";
				TEST_HOST = "$(BUILT_PRODUCTS_DIR)/MyCameraApp.app/MyCameraApp";
			};
			name = Release;
		};
		8F64A8B61F5D4EA100AFAA40 /* Debug */ = {
			isa = XCBuildConfiguration;
			buildSettings = {
				ALWAYS_EMBED_SWIFT_STANDARD_LIBRARIES = YES;
				CODE_SIGN_STYLE = Automatic;
				DEVELOPMENT_TEAM = 63CUM85V74;
				INFOPLIST_FILE = MyCameraAppUITests/Info.plist;
				LD_RUNPATH_SEARCH_PATHS = "$(inherited) @executable_path/Frameworks @loader_path/Frameworks";
				PRODUCT_BUNDLE_IDENTIFIER = io.amsoft.MyCameraAppUITests;
				PRODUCT_NAME = "$(TARGET_NAME)";
				SWIFT_VERSION = 4.0;
				TARGETED_DEVICE_FAMILY = "1,2";
				TEST_TARGET_NAME = MyCameraApp;
			};
			name = Debug;
		};
		8F64A8B71F5D4EA100AFAA40 /* Release */ = {
			isa = XCBuildConfiguration;
			buildSettings = {
				ALWAYS_EMBED_SWIFT_STANDARD_LIBRARIES = YES;
				CODE_SIGN_STYLE = Automatic;
				DEVELOPMENT_TEAM = 63CUM85V74;
				INFOPLIST_FILE = MyCameraAppUITests/Info.plist;
				LD_RUNPATH_SEARCH_PATHS = "$(inherited) @executable_path/Frameworks @loader_path/Frameworks";
				PRODUCT_BUNDLE_IDENTIFIER = io.amsoft.MyCameraAppUITests;
				PRODUCT_NAME = "$(TARGET_NAME)";
				SWIFT_VERSION = 4.0;
				TARGETED_DEVICE_FAMILY = "1,2";
				TEST_TARGET_NAME = MyCameraApp;
			};
			name = Release;
		};
/* End XCBuildConfiguration section */

/* Begin XCConfigurationList section */
		8F64A87F1F5D4E9F00AFAA40 /* Build configuration list for PBXProject "MyCameraApp" */ = {
			isa = XCConfigurationList;
			buildConfigurations = (
				8F64A8AD1F5D4EA100AFAA40 /* Debug */,
				8F64A8AE1F5D4EA100AFAA40 /* Release */,
			);
			defaultConfigurationIsVisible = 0;
			defaultConfigurationName = Release;
		};
		8F64A8AF1F5D4EA100AFAA40 /* Build configuration list for PBXNativeTarget "MyCameraApp" */ = {
			isa = XCConfigurationList;
			buildConfigurations = (
				8F64A8B01F5D4EA100AFAA40 /* Debug */,
				8F64A8B11F5D4EA100AFAA40 /* Release */,
			);
			defaultConfigurationIsVisible = 0;
			defaultConfigurationName = Release;
		};
		8F64A8B21F5D4EA100AFAA40 /* Build configuration list for PBXNativeTarget "MyCameraAppTests" */ = {
			isa = XCConfigurationList;
			buildConfigurations = (
				8F64A8B31F5D4EA100AFAA40 /* Debug */,
				8F64A8B41F5D4EA100AFAA40 /* Release */,
			);
			defaultConfigurationIsVisible = 0;
			defaultConfigurationName = Release;
		};
		8F64A8B51F5D4EA100AFAA40 /* Build configuration list for PBXNativeTarget "MyCameraAppUITests" */ = {
			isa = XCConfigurationList;
			buildConfigurations = (
				8F64A8B61F5D4EA100AFAA40 /* Debug */,
				8F64A8B71F5D4EA100AFAA40 /* Release */,
			);
			defaultConfigurationIsVisible = 0;
			defaultConfigurationName = Release;
		};
/* End XCConfigurationList section */

/* Begin XCVersionGroup section */
		8F64A88E1F5D4EA000AFAA40 /* MyCameraApp.xcdatamodeld */ = {
			isa = XCVersionGroup;
			children = (
				8F64A88F1F5D4EA000AFAA40 /* MyCameraApp.xcdatamodel */,
			);
			currentVersion = 8F64A88F1F5D4EA000AFAA40 /* MyCameraApp.xcdatamodel */;
			path = MyCameraApp.xcdatamodeld;
			sourceTree = "<group>";
			versionGroupType = wrapper.xcdatamodel;
		};
/* End XCVersionGroup section */
	};
	rootObject = 8F64A87C1F5D4E9F00AFAA40 /* Project object */;
}
