// !$*UTF8*$!
{
	archiveVersion = 1;
	classes = {
	};
	objectVersion = 48;
	objects = {

/* Begin PBXBuildFile section */
		D7E463A01F8A96E7002464FA /* AppDelegate.swift in Sources */ = {isa = PBXBuildFile; fileRef = D7E4639F1F8A96E7002464FA /* AppDelegate.swift */; };
		D7E463A21F8A96E7002464FA /* ViewController.swift in Sources */ = {isa = PBXBuildFile; fileRef = D7E463A11F8A96E7002464FA /* ViewController.swift */; };
		D7E463A51F8A96E7002464FA /* Main.storyboard in Resources */ = {isa = PBXBuildFile; fileRef = D7E463A31F8A96E7002464FA /* Main.storyboard */; };
		D7E463A71F8A96E7002464FA /* Assets.xcassets in Resources */ = {isa = PBXBuildFile; fileRef = D7E463A61F8A96E7002464FA /* Assets.xcassets */; };
		D7E463AA1F8A96E7002464FA /* LaunchScreen.storyboard in Resources */ = {isa = PBXBuildFile; fileRef = D7E463A81F8A96E7002464FA /* LaunchScreen.storyboard */; };
		D7E463B41F8A9D74002464FA /* Place.swift in Sources */ = {isa = PBXBuildFile; fileRef = D7E463B31F8A9D74002464FA /* Place.swift */; };
/* End PBXBuildFile section */

/* Begin PBXFileReference section */
		D7E4639C1F8A96E7002464FA /* MyCoreLocationApp.app */ = {isa = PBXFileReference; explicitFileType = wrapper.application; includeInIndex = 0; path = MyCoreLocationApp.app; sourceTree = BUILT_PRODUCTS_DIR; };
		D7E4639F1F8A96E7002464FA /* AppDelegate.swift */ = {isa = PBXFileReference; lastKnownFileType = sourcecode.swift; path = AppDelegate.swift; sourceTree = "<group>"; };
		D7E463A11F8A96E7002464FA /* ViewController.swift */ = {isa = PBXFileReference; lastKnownFileType = sourcecode.swift; path = ViewController.swift; sourceTree = "<group>"; };
		D7E463A41F8A96E7002464FA /* Base */ = {isa = PBXFileReference; lastKnownFileType = file.storyboard; name = Base; path = Base.lproj/Main.storyboard; sourceTree = "<group>"; };
		D7E463A61F8A96E7002464FA /* Assets.xcassets */ = {isa = PBXFileReference; lastKnownFileType = folder.assetcatalog; path = Assets.xcassets; sourceTree = "<group>"; };
		D7E463A91F8A96E7002464FA /* Base */ = {isa = PBXFileReference; lastKnownFileType = file.storyboard; name = Base; path = Base.lproj/LaunchScreen.storyboard; sourceTree = "<group>"; };
		D7E463AB1F8A96E7002464FA /* Info.plist */ = {isa = PBXFileReference; lastKnownFileType = text.plist.xml; path = Info.plist; sourceTree = "<group>"; };
		D7E463B31F8A9D74002464FA /* Place.swift */ = {isa = PBXFileReference; lastKnownFileType = sourcecode.swift; path = Place.swift; sourceTree = "<group>"; };
/* End PBXFileReference section */

/* Begin PBXFrameworksBuildPhase section */
		D7E463991F8A96E7002464FA /* Frameworks */ = {
			isa = PBXFrameworksBuildPhase;
			buildActionMask = 2147483647;
			files = (
			);
			runOnlyForDeploymentPostprocessing = 0;
		};
/* End PBXFrameworksBuildPhase section */

/* Begin PBXGroup section */
		D7E463931F8A96E7002464FA = {
			isa = PBXGroup;
			children = (
				D7E4639E1F8A96E7002464FA /* MyCoreLocationApp */,
				D7E4639D1F8A96E7002464FA /* Products */,
			);
			sourceTree = "<group>";
		};
		D7E4639D1F8A96E7002464FA /* Products */ = {
			isa = PBXGroup;
			children = (
				D7E4639C1F8A96E7002464FA /* MyCoreLocationApp.app */,
			);
			name = Products;
			sourceTree = "<group>";
		};
		D7E4639E1F8A96E7002464FA /* MyCoreLocationApp */ = {
			isa = PBXGroup;
			children = (
				D7E4639F1F8A96E7002464FA /* AppDelegate.swift */,
				D7E463A11F8A96E7002464FA /* ViewController.swift */,
				D7E463A31F8A96E7002464FA /* Main.storyboard */,
				D7E463B31F8A9D74002464FA /* Place.swift */,
				D7E463A61F8A96E7002464FA /* Assets.xcassets */,
				D7E463A81F8A96E7002464FA /* LaunchScreen.storyboard */,
				D7E463AB1F8A96E7002464FA /* Info.plist */,
			);
			path = MyCoreLocationApp;
			sourceTree = "<group>";
		};
/* End PBXGroup section */

/* Begin PBXNativeTarget section */
		D7E4639B1F8A96E7002464FA /* MyCoreLocationApp */ = {
			isa = PBXNativeTarget;
			buildConfigurationList = D7E463AE1F8A96E7002464FA /* Build configuration list for PBXNativeTarget "MyCoreLocationApp" */;
			buildPhases = (
				D7E463981F8A96E7002464FA /* Sources */,
				D7E463991F8A96E7002464FA /* Frameworks */,
				D7E4639A1F8A96E7002464FA /* Resources */,
			);
			buildRules = (
			);
			dependencies = (
			);
			name = MyCoreLocationApp;
			productName = MyCoreLocationApp;
			productReference = D7E4639C1F8A96E7002464FA /* MyCoreLocationApp.app */;
			productType = "com.apple.product-type.application";
		};
/* End PBXNativeTarget section */

/* Begin PBXProject section */
		D7E463941F8A96E7002464FA /* Project object */ = {
			isa = PBXProject;
			attributes = {
				LastSwiftUpdateCheck = 0900;
				LastUpgradeCheck = 0900;
				ORGANIZATIONNAME = ANT;
				TargetAttributes = {
					D7E4639B1F8A96E7002464FA = {
						CreatedOnToolsVersion = 9.0;
						ProvisioningStyle = Automatic;
					};
				};
			};
			buildConfigurationList = D7E463971F8A96E7002464FA /* Build configuration list for PBXProject "MyCoreLocationApp" */;
			compatibilityVersion = "Xcode 8.0";
			developmentRegion = en;
			hasScannedForEncodings = 0;
			knownRegions = (
				en,
				Base,
			);
			mainGroup = D7E463931F8A96E7002464FA;
			productRefGroup = D7E4639D1F8A96E7002464FA /* Products */;
			projectDirPath = "";
			projectRoot = "";
			targets = (
				D7E4639B1F8A96E7002464FA /* MyCoreLocationApp */,
			);
		};
/* End PBXProject section */

/* Begin PBXResourcesBuildPhase section */
		D7E4639A1F8A96E7002464FA /* Resources */ = {
			isa = PBXResourcesBuildPhase;
			buildActionMask = 2147483647;
			files = (
				D7E463AA1F8A96E7002464FA /* LaunchScreen.storyboard in Resources */,
				D7E463A71F8A96E7002464FA /* Assets.xcassets in Resources */,
				D7E463A51F8A96E7002464FA /* Main.storyboard in Resources */,
			);
			runOnlyForDeploymentPostprocessing = 0;
		};
/* End PBXResourcesBuildPhase section */

/* Begin PBXSourcesBuildPhase section */
		D7E463981F8A96E7002464FA /* Sources */ = {
			isa = PBXSourcesBuildPhase;
			buildActionMask = 2147483647;
			files = (
				D7E463B41F8A9D74002464FA /* Place.swift in Sources */,
				D7E463A21F8A96E7002464FA /* ViewController.swift in Sources */,
				D7E463A01F8A96E7002464FA /* AppDelegate.swift in Sources */,
			);
			runOnlyForDeploymentPostprocessing = 0;
		};
/* End PBXSourcesBuildPhase section */

/* Begin PBXVariantGroup section */
		D7E463A31F8A96E7002464FA /* Main.storyboard */ = {
			isa = PBXVariantGroup;
			children = (
				D7E463A41F8A96E7002464FA /* Base */,
			);
			name = Main.storyboard;
			sourceTree = "<group>";
		};
		D7E463A81F8A96E7002464FA /* LaunchScreen.storyboard */ = {
			isa = PBXVariantGroup;
			children = (
				D7E463A91F8A96E7002464FA /* Base */,
			);
			name = LaunchScreen.storyboard;
			sourceTree = "<group>";
		};
/* End PBXVariantGroup section */

/* Begin XCBuildConfiguration section */
		D7E463AC1F8A96E7002464FA /* Debug */ = {
			isa = XCBuildConfiguration;
			buildSettings = {
				ALWAYS_SEARCH_USER_PATHS = NO;
				CLANG_ANALYZER_NONNULL = YES;
				CLANG_ANALYZER_NUMBER_OBJECT_CONVERSION = YES_AGGRESSIVE;
				CLANG_CXX_LANGUAGE_STANDARD = "gnu++14";
				CLANG_CXX_LIBRARY = "libc++";
				CLANG_ENABLE_MODULES = YES;
				CLANG_ENABLE_OBJC_ARC = YES;
				CLANG_WARN_BLOCK_CAPTURE_AUTORELEASING = YES;
				CLANG_WARN_BOOL_CONVERSION = YES;
				CLANG_WARN_COMMA = YES;
				CLANG_WARN_CONSTANT_CONVERSION = YES;
				CLANG_WARN_DIRECT_OBJC_ISA_USAGE = YES_ERROR;
				CLANG_WARN_DOCUMENTATION_COMMENTS = YES;
				CLANG_WARN_EMPTY_BODY = YES;
				CLANG_WARN_ENUM_CONVERSION = YES;
				CLANG_WARN_INFINITE_RECURSION = YES;
				CLANG_WARN_INT_CONVERSION = YES;
				CLANG_WARN_NON_LITERAL_NULL_CONVERSION = YES;
				CLANG_WARN_OBJC_LITERAL_CONVERSION = YES;
				CLANG_WARN_OBJC_ROOT_CLASS = YES_ERROR;
				CLANG_WARN_RANGE_LOOP_ANALYSIS = YES;
				CLANG_WARN_STRICT_PROTOTYPES = YES;
				CLANG_WARN_SUSPICIOUS_MOVE = YES;
				CLANG_WARN_UNGUARDED_AVAILABILITY = YES_AGGRESSIVE;
				CLANG_WARN_UNREACHABLE_CODE = YES;
				CLANG_WARN__DUPLICATE_METHOD_MATCH = YES;
				CODE_SIGN_IDENTITY = "iPhone Developer";
				COPY_PHASE_STRIP = NO;
				DEBUG_INFORMATION_FORMAT = dwarf;
				ENABLE_STRICT_OBJC_MSGSEND = YES;
				ENABLE_TESTABILITY = YES;
				GCC_C_LANGUAGE_STANDARD = gnu11;
				GCC_DYNAMIC_NO_PIC = NO;
				GCC_NO_COMMON_BLOCKS = YES;
				GCC_OPTIMIZATION_LEVEL = 0;
				GCC_PREPROCESSOR_DEFINITIONS = (
					"DEBUG=1",
					"$(inherited)",
				);
				GCC_WARN_64_TO_32_BIT_CONVERSION = YES;
				GCC_WARN_ABOUT_RETURN_TYPE = YES_ERROR;
				GCC_WARN_UNDECLARED_SELECTOR = YES;
				GCC_WARN_UNINITIALIZED_AUTOS = YES_AGGRESSIVE;
				GCC_WARN_UNUSED_FUNCTION = YES;
				GCC_WARN_UNUSED_VARIABLE = YES;
				IPHONEOS_DEPLOYMENT_TARGET = 11.0;
				MTL_ENABLE_DEBUG_INFO = YES;
				ONLY_ACTIVE_ARCH = YES;
				SDKROOT = iphoneos;
				SWIFT_ACTIVE_COMPILATION_CONDITIONS = DEBUG;
				SWIFT_OPTIMIZATION_LEVEL = "-Onone";
			};
			name = Debug;
		};
		D7E463AD1F8A96E7002464FA /* Release */ = {
			isa = XCBuildConfiguration;
			buildSettings = {
				ALWAYS_SEARCH_USER_PATHS = NO;
				CLANG_ANALYZER_NONNULL = YES;
				CLANG_ANALYZER_NUMBER_OBJECT_CONVERSION = YES_AGGRESSIVE;
				CLANG_CXX_LANGUAGE_STANDARD = "gnu++14";
				CLANG_CXX_LIBRARY = "libc++";
				CLANG_ENABLE_MODULES = YES;
				CLANG_ENABLE_OBJC_ARC = YES;
				CLANG_WARN_BLOCK_CAPTURE_AUTORELEASING = YES;
				CLANG_WARN_BOOL_CONVERSION = YES;
				CLANG_WARN_COMMA = YES;
				CLANG_WARN_CONSTANT_CONVERSION = YES;
				CLANG_WARN_DIRECT_OBJC_ISA_USAGE = YES_ERROR;
				CLANG_WARN_DOCUMENTATION_COMMENTS = YES;
				CLANG_WARN_EMPTY_BODY = YES;
				CLANG_WARN_ENUM_CONVERSION = YES;
				CLANG_WARN_INFINITE_RECURSION = YES;
				CLANG_WARN_INT_CONVERSION = YES;
				CLANG_WARN_NON_LITERAL_NULL_CONVERSION = YES;
				CLANG_WARN_OBJC_LITERAL_CONVERSION = YES;
				CLANG_WARN_OBJC_ROOT_CLASS = YES_ERROR;
				CLANG_WARN_RANGE_LOOP_ANALYSIS = YES;
				CLANG_WARN_STRICT_PROTOTYPES = YES;
				CLANG_WARN_SUSPICIOUS_MOVE = YES;
				CLANG_WARN_UNGUARDED_AVAILABILITY = YES_AGGRESSIVE;
				CLANG_WARN_UNREACHABLE_CODE = YES;
				CLANG_WARN__DUPLICATE_METHOD_MATCH = YES;
				CODE_SIGN_IDENTITY = "iPhone Developer";
				COPY_PHASE_STRIP = NO;
				DEBUG_INFORMATION_FORMAT = "dwarf-with-dsym";
				ENABLE_NS_ASSERTIONS = NO;
				ENABLE_STRICT_OBJC_MSGSEND = YES;
				GCC_C_LANGUAGE_STANDARD = gnu11;
				GCC_NO_COMMON_BLOCKS = YES;
				GCC_WARN_64_TO_32_BIT_CONVERSION = YES;
				GCC_WARN_ABOUT_RETURN_TYPE = YES_ERROR;
				GCC_WARN_UNDECLARED_SELECTOR = YES;
				GCC_WARN_UNINITIALIZED_AUTOS = YES_AGGRESSIVE;
				GCC_WARN_UNUSED_FUNCTION = YES;
				GCC_WARN_UNUSED_VARIABLE = YES;
				IPHONEOS_DEPLOYMENT_TARGET = 11.0;
				MTL_ENABLE_DEBUG_INFO = NO;
				SDKROOT = iphoneos;
				SWIFT_OPTIMIZATION_LEVEL = "-Owholemodule";
				VALIDATE_PRODUCT = YES;
			};
			name = Release;
		};
		D7E463AF1F8A96E7002464FA /* Debug */ = {
			isa = XCBuildConfiguration;
			buildSettings = {
				ASSETCATALOG_COMPILER_APPICON_NAME = AppIcon;
				CODE_SIGN_STYLE = Automatic;
				DEVELOPMENT_TEAM = 63CUM85V74;
				INFOPLIST_FILE = MyCoreLocationApp/Info.plist;
				LD_RUNPATH_SEARCH_PATHS = "$(inherited) @executable_path/Frameworks";
				PRODUCT_BUNDLE_IDENTIFIER = th.ac.dpu.ant.MyCoreLocationAppAmM;
				PRODUCT_NAME = "$(TARGET_NAME)";
				SWIFT_VERSION = 4.0;
				TARGETED_DEVICE_FAMILY = "1,2";
			};
			name = Debug;
		};
		D7E463B01F8A96E7002464FA /* Release */ = {
			isa = XCBuildConfiguration;
			buildSettings = {
				ASSETCATALOG_COMPILER_APPICON_NAME = AppIcon;
				CODE_SIGN_STYLE = Automatic;
				DEVELOPMENT_TEAM = 63CUM85V74;
				INFOPLIST_FILE = MyCoreLocationApp/Info.plist;
				LD_RUNPATH_SEARCH_PATHS = "$(inherited) @executable_path/Frameworks";
				PRODUCT_BUNDLE_IDENTIFIER = th.ac.dpu.ant.MyCoreLocationAppAmM;
				PRODUCT_NAME = "$(TARGET_NAME)";
				SWIFT_VERSION = 4.0;
				TARGETED_DEVICE_FAMILY = "1,2";
			};
			name = Release;
		};
/* End XCBuildConfiguration section */

/* Begin XCConfigurationList section */
		D7E463971F8A96E7002464FA /* Build configuration list for PBXProject "MyCoreLocationApp" */ = {
			isa = XCConfigurationList;
			buildConfigurations = (
				D7E463AC1F8A96E7002464FA /* Debug */,
				D7E463AD1F8A96E7002464FA /* Release */,
			);
			defaultConfigurationIsVisible = 0;
			defaultConfigurationName = Release;
		};
		D7E463AE1F8A96E7002464FA /* Build configuration list for PBXNativeTarget "MyCoreLocationApp" */ = {
			isa = XCConfigurationList;
			buildConfigurations = (
				D7E463AF1F8A96E7002464FA /* Debug */,
				D7E463B01F8A96E7002464FA /* Release */,
			);
			defaultConfigurationIsVisible = 0;
			defaultConfigurationName = Release;
		};
/* End XCConfigurationList section */
	};
	rootObject = D7E463941F8A96E7002464FA /* Project object */;
}
